
Microsoft Visual Studio Solution File, Format Version 12.00
# Visual Studio Version 17
VisualStudioVersion = 17.14.36414.22 d17.14
MinimumVisualStudioVersion = 10.0.40219.1
Project("{FAE04EC0-301F-11D3-BF4B-00C04F79EFBC}") = "ExploringVars", "ExploringVars\ExploringVars.csproj", "{0FFA7C6E-A87D-42E0-A24A-E7AA46B3BA7B}"
EndProject
Global
	GlobalSection(SolutionConfigurationPlatforms) = preSolution
		Debug|Any CPU = Debug|Any CPU
		Release|Any CPU = Release|Any CPU
	EndGlobalSection
	GlobalSection(ProjectConfigurationPlatforms) = postSolution
		{0FFA7C6E-A87D-42E0-A24A-E7AA46B3BA7B}.Debug|Any CPU.ActiveCfg = Debug|Any CPU
		{0FFA7C6E-A87D-42E0-A24A-E7AA46B3BA7B}.Debug|Any CPU.Build.0 = Debug|Any CPU
		{0FFA7C6E-A87D-42E0-A24A-E7AA46B3BA7B}.Release|Any CPU.ActiveCfg = Release|Any CPU
		{0FFA7C6E-A87D-42E0-A24A-E7AA46B3BA7B}.Release|Any CPU.Build.0 = Release|Any CPU
	EndGlobalSection
	GlobalSection(SolutionProperties) = preSolution
		HideSolutionNode = FALSE
	EndGlobalSection
	GlobalSection(ExtensibilityGlobals) = postSolution
		SolutionGuid = {1BB191E3-E55F-4346-97BD-65D63717543E}
	EndGlobalSection
EndGlobal
